
Microsoft Visual Studio Solution File, Format Version 12.00
# Visual Studio Version 16
VisualStudioVersion = 16.0.31025.194
MinimumVisualStudioVersion = 10.0.40219.1
Project("{FAE04EC0-301F-11D3-BF4B-00C04F79EFBC}") = "DelegatesAndLambdas", "DelegatesAndLambdas\DelegatesAndLambdas.csproj", "{8F37745C-270B-4BF4-AF80-ED6648412D38}"
EndProject
Global
	GlobalSection(SolutionConfigurationPlatforms) = preSolution
		Debug|Any CPU = Debug|Any CPU
		Release|Any CPU = Release|Any CPU
	EndGlobalSection
	GlobalSection(ProjectConfigurationPlatforms) = postSolution
		{8F37745C-270B-4BF4-AF80-ED6648412D38}.Debug|Any CPU.ActiveCfg = Debug|Any CPU
		{8F37745C-270B-4BF4-AF80-ED6648412D38}.Debug|Any CPU.Build.0 = Debug|Any CPU
		{8F37745C-270B-4BF4-AF80-ED6648412D38}.Release|Any CPU.ActiveCfg = Release|Any CPU
		{8F37745C-270B-4BF4-AF80-ED6648412D38}.Release|Any CPU.Build.0 = Release|Any CPU
	EndGlobalSection
	GlobalSection(SolutionProperties) = preSolution
		HideSolutionNode = FALSE
	EndGlobalSection
	GlobalSection(ExtensibilityGlobals) = postSolution
		SolutionGuid = {6B3CF141-DB76-4427-A7B9-A10FEC0E24A7}
	EndGlobalSection
EndGlobal
